
Microsoft Visual Studio Solution File, Format Version 12.00
# Visual Studio Version 17
VisualStudioVersion = 17.6.33717.318
MinimumVisualStudioVersion = 10.0.40219.1
Project("{FAE04EC0-301F-11D3-BF4B-00C04F79EFBC}") = "DDB.DVDCentral", "DDB.DVDCentral.UI\DDB.DVDCentral.csproj", "{5CBF1C2A-C1D8-4F6F-A8E6-E7E54CA38778}"
EndProject
Project("{FAE04EC0-301F-11D3-BF4B-00C04F79EFBC}") = "DDB.DVDCentral.BL.Models", "DVDCentral.BL.Models\DDB.DVDCentral.BL.Models.csproj", "{61A41048-B6D6-4F1A-A891-64D03EC99640}"
EndProject
Project("{00D1A9C2-B5F0-4AF3-8072-F6C62B433612}") = "DDB.DVDCentral.DB", "DDB.DVDCentral.DB\DDB.DVDCentral.DB.sqlproj", "{7CD5E1A3-B48C-4B4F-A074-698558FC416B}"
EndProject
Global
	GlobalSection(SolutionConfigurationPlatforms) = preSolution
		Debug|Any CPU = Debug|Any CPU
		Release|Any CPU = Release|Any CPU
	EndGlobalSection
	GlobalSection(ProjectConfigurationPlatforms) = postSolution
		{5CBF1C2A-C1D8-4F6F-A8E6-E7E54CA38778}.Debug|Any CPU.ActiveCfg = Debug|Any CPU
		{5CBF1C2A-C1D8-4F6F-A8E6-E7E54CA38778}.Debug|Any CPU.Build.0 = Debug|Any CPU
		{5CBF1C2A-C1D8-4F6F-A8E6-E7E54CA38778}.Release|Any CPU.ActiveCfg = Release|Any CPU
		{5CBF1C2A-C1D8-4F6F-A8E6-E7E54CA38778}.Release|Any CPU.Build.0 = Release|Any CPU
		{61A41048-B6D6-4F1A-A891-64D03EC99640}.Debug|Any CPU.ActiveCfg = Debug|Any CPU
		{61A41048-B6D6-4F1A-A891-64D03EC99640}.Debug|Any CPU.Build.0 = Debug|Any CPU
		{61A41048-B6D6-4F1A-A891-64D03EC99640}.Release|Any CPU.ActiveCfg = Release|Any CPU
		{61A41048-B6D6-4F1A-A891-64D03EC99640}.Release|Any CPU.Build.0 = Release|Any CPU
		{7CD5E1A3-B48C-4B4F-A074-698558FC416B}.Debug|Any CPU.ActiveCfg = Debug|Any CPU
		{7CD5E1A3-B48C-4B4F-A074-698558FC416B}.Debug|Any CPU.Build.0 = Debug|Any CPU
		{7CD5E1A3-B48C-4B4F-A074-698558FC416B}.Debug|Any CPU.Deploy.0 = Debug|Any CPU
		{7CD5E1A3-B48C-4B4F-A074-698558FC416B}.Release|Any CPU.ActiveCfg = Release|Any CPU
		{7CD5E1A3-B48C-4B4F-A074-698558FC416B}.Release|Any CPU.Build.0 = Release|Any CPU
		{7CD5E1A3-B48C-4B4F-A074-698558FC416B}.Release|Any CPU.Deploy.0 = Release|Any CPU
	EndGlobalSection
	GlobalSection(SolutionProperties) = preSolution
		HideSolutionNode = FALSE
	EndGlobalSection
	GlobalSection(ExtensibilityGlobals) = postSolution
		SolutionGuid = {AF1DEABB-74A2-463B-841A-FE2BB4A81A42}
	EndGlobalSection
EndGlobal
